
Microsoft Visual Studio Solution File, Format Version 12.00
# Visual Studio 15
VisualStudioVersion = 15.0.26206.0
MinimumVisualStudioVersion = 10.0.40219.1
Project("{FAE04EC0-301F-11D3-BF4B-00C04F79EFBC}") = "CallrApi", "CallrApi\CallrApi.csproj", "{316FB1B7-CB6D-4FAD-83BE-5ED3D5486168}"
EndProject
Project("{FAE04EC0-301F-11D3-BF4B-00C04F79EFBC}") = "CallrApiTest", "CallrApiTest\CallrApiTest.csproj", "{8D7FBBE0-E47D-4623-B95B-EAB4EB1C1B45}"
EndProject
Global
	GlobalSection(SolutionConfigurationPlatforms) = preSolution
		Debug|Any CPU = Debug|Any CPU
		Release|Any CPU = Release|Any CPU
	EndGlobalSection
	GlobalSection(ProjectConfigurationPlatforms) = postSolution
		{316FB1B7-CB6D-4FAD-83BE-5ED3D5486168}.Debug|Any CPU.ActiveCfg = Release|Any CPU
		{316FB1B7-CB6D-4FAD-83BE-5ED3D5486168}.Debug|Any CPU.Build.0 = Release|Any CPU
		{316FB1B7-CB6D-4FAD-83BE-5ED3D5486168}.Release|Any CPU.ActiveCfg = Release|Any CPU
		{316FB1B7-CB6D-4FAD-83BE-5ED3D5486168}.Release|Any CPU.Build.0 = Release|Any CPU
		{8D7FBBE0-E47D-4623-B95B-EAB4EB1C1B45}.Debug|Any CPU.ActiveCfg = Release|Any CPU
		{8D7FBBE0-E47D-4623-B95B-EAB4EB1C1B45}.Debug|Any CPU.Build.0 = Release|Any CPU
		{8D7FBBE0-E47D-4623-B95B-EAB4EB1C1B45}.Release|Any CPU.ActiveCfg = Release|Any CPU
		{8D7FBBE0-E47D-4623-B95B-EAB4EB1C1B45}.Release|Any CPU.Build.0 = Release|Any CPU
	EndGlobalSection
	GlobalSection(SolutionProperties) = preSolution
		HideSolutionNode = FALSE
	EndGlobalSection
EndGlobal
